
Microsoft Visual Studio Solution File, Format Version 12.00
# Visual Studio Version 16
VisualStudioVersion = 16.0.30523.141
MinimumVisualStudioVersion = 10.0.40219.1
Project("{FAE04EC0-301F-11D3-BF4B-00C04F79EFBC}") = "Probleme cu numere", "Probleme cu numere.csproj", "{B3D977C3-1DA0-490F-9FBA-30FDB0804E4F}"
EndProject
Global
	GlobalSection(SolutionConfigurationPlatforms) = preSolution
		Debug|Any CPU = Debug|Any CPU
		Release|Any CPU = Release|Any CPU
	EndGlobalSection
	GlobalSection(ProjectConfigurationPlatforms) = postSolution
		{B3D977C3-1DA0-490F-9FBA-30FDB0804E4F}.Debug|Any CPU.ActiveCfg = Debug|Any CPU
		{B3D977C3-1DA0-490F-9FBA-30FDB0804E4F}.Debug|Any CPU.Build.0 = Debug|Any CPU
		{B3D977C3-1DA0-490F-9FBA-30FDB0804E4F}.Release|Any CPU.ActiveCfg = Release|Any CPU
		{B3D977C3-1DA0-490F-9FBA-30FDB0804E4F}.Release|Any CPU.Build.0 = Release|Any CPU
	EndGlobalSection
	GlobalSection(SolutionProperties) = preSolution
		HideSolutionNode = FALSE
	EndGlobalSection
	GlobalSection(ExtensibilityGlobals) = postSolution
		SolutionGuid = {A418CF15-D7C4-4264-B71A-6C6B954B8C23}
	EndGlobalSection
EndGlobal
